
Microsoft Visual Studio Solution File, Format Version 12.00
# Visual Studio Version 17
VisualStudioVersion = 17.10.34928.147
MinimumVisualStudioVersion = 10.0.40219.1
Project("{FAE04EC0-301F-11D3-BF4B-00C04F79EFBC}") = "NUnitDemo", "NUnitDemo\NUnitDemo.csproj", "{C2A776CE-B1AD-442F-B6D0-450A0FA92218}"
EndProject
Project("{FAE04EC0-301F-11D3-BF4B-00C04F79EFBC}") = "TestClass", "TestClass\TestClass.csproj", "{59359861-F10F-41FC-99CE-655382EB44F2}"
EndProject
Global
	GlobalSection(SolutionConfigurationPlatforms) = preSolution
		Debug|Any CPU = Debug|Any CPU
		Release|Any CPU = Release|Any CPU
	EndGlobalSection
	GlobalSection(ProjectConfigurationPlatforms) = postSolution
		{C2A776CE-B1AD-442F-B6D0-450A0FA92218}.Debug|Any CPU.ActiveCfg = Debug|Any CPU
		{C2A776CE-B1AD-442F-B6D0-450A0FA92218}.Debug|Any CPU.Build.0 = Debug|Any CPU
		{C2A776CE-B1AD-442F-B6D0-450A0FA92218}.Release|Any CPU.ActiveCfg = Release|Any CPU
		{C2A776CE-B1AD-442F-B6D0-450A0FA92218}.Release|Any CPU.Build.0 = Release|Any CPU
		{59359861-F10F-41FC-99CE-655382EB44F2}.Debug|Any CPU.ActiveCfg = Debug|Any CPU
		{59359861-F10F-41FC-99CE-655382EB44F2}.Debug|Any CPU.Build.0 = Debug|Any CPU
		{59359861-F10F-41FC-99CE-655382EB44F2}.Release|Any CPU.ActiveCfg = Release|Any CPU
		{59359861-F10F-41FC-99CE-655382EB44F2}.Release|Any CPU.Build.0 = Release|Any CPU
	EndGlobalSection
	GlobalSection(SolutionProperties) = preSolution
		HideSolutionNode = FALSE
	EndGlobalSection
	GlobalSection(ExtensibilityGlobals) = postSolution
		SolutionGuid = {E0ADCFA6-AC9B-4F50-AF5E-2DADB9B927AB}
	EndGlobalSection
EndGlobal
